{
  "nodes": {
    "nixpkgs-lib": {
      "locked": {
        "lastModified": 1754788789,
        "narHash": "sha256-x2rJ+Ovzq0sCMpgfgGaaqgBSwY+LST+WbZ6TytnT9Rk=",
        "owner": "nix-community",
        "repo": "nixpkgs.lib",
        "rev": "a73b9c743612e4244d865a2fdee11865283c04e6",
        "type": "github"
      },
      "original": {
        "owner": "nix-community",
        "repo": "nixpkgs.lib",
        "type": "github"
      }
    },
    "root": {
      "inputs": {
        "nixpkgs-lib": "nixpkgs-lib",
        "utf8": "utf8"
      }
    },
    "utf8": {
      "locked": {
        "lastModified": 1771960330,
        "narHash": "sha256-cuMzkLOAcw9Vt9KLVv/3MdLeuwvHK2uborUKiJgXr/U=",
        "owner": "figsoda",
        "repo": "utf8",
        "rev": "4ef55eff198b6b21cd1e5df5dc6b802ec16185f1",
        "type": "github"
      },
      "original": {
        "owner": "figsoda",
        "repo": "utf8",
        "type": "github"
      }
    }
  },
  "root": "root",
  "version": 7
}
