{
  "nodes": {
    "nixpkgs": {
      "locked": {
        "lastModified": 1772898310,
        "narHash": "sha256-cJ2LJgqTYCxth8TK4CKyIRWEt779eI622ATo9pdTqLQ=",
        "owner": "nixos",
        "repo": "nixpkgs",
        "rev": "a686b1af21fad0eaf19ec88073c9a8461fbd9f1b",
        "type": "github"
      },
      "original": {
        "owner": "nixos",
        "repo": "nixpkgs",
        "type": "github"
      }
    },
    "root": {
      "inputs": {
        "nixpkgs": "nixpkgs"
      }
    }
  },
  "root": "root",
  "version": 7
}
